// !$*UTF8*$!
{
	archiveVersion = 1;
	classes = {
	};
	objectVersion = 46;
	objects = {

/* Begin PBXBuildFile section */
		E993AF601FDFB66100C21CC1 /* main.m in Sources */ = {isa = PBXBuildFile; fileRef = E993AF5F1FDFB66100C21CC1 /* main.m */; };
		E993AF631FDFB66100C21CC1 /* AppDelegate.m in Sources */ = {isa = PBXBuildFile; fileRef = E993AF621FDFB66100C21CC1 /* AppDelegate.m */; };
		E993AF661FDFB66100C21CC1 /* ViewController.m in Sources */ = {isa = PBXBuildFile; fileRef = E993AF651FDFB66100C21CC1 /* ViewController.m */; };
		E993AF691FDFB66100C21CC1 /* Main.storyboard in Resources */ = {isa = PBXBuildFile; fileRef = E993AF671FDFB66100C21CC1 /* Main.storyboard */; };
		E993AF6B1FDFB66100C21CC1 /* Assets.xcassets in Resources */ = {isa = PBXBuildFile; fileRef = E993AF6A1FDFB66100C21CC1 /* Assets.xcassets */; };
		E993AF6E1FDFB66100C21CC1 /* LaunchScreen.storyboard in Resources */ = {isa = PBXBuildFile; fileRef = E993AF6C1FDFB66100C21CC1 /* LaunchScreen.storyboard */; };
		E993AF771FDFB78A00C21CC1 /* ZQContentCell.m in Sources */ = {isa = PBXBuildFile; fileRef = E993AF761FDFB78A00C21CC1 /* ZQContentCell.m */; };
		E993AF7A1FDFCD7B00C21CC1 /* ZQHeaderCell.m in Sources */ = {isa = PBXBuildFile; fileRef = E993AF791FDFCD7B00C21CC1 /* ZQHeaderCell.m */; };
/* End PBXBuildFile section */

/* Begin PBXFileReference section */
		E993AF5B1FDFB66100C21CC1 /* ZQDialogViewer.app */ = {isa = PBXFileReference; explicitFileType = wrapper.application; includeInIndex = 0; path = ZQDialogViewer.app; sourceTree = BUILT_PRODUCTS_DIR; };
		E993AF5F1FDFB66100C21CC1 /* main.m */ = {isa = PBXFileReference; lastKnownFileType = sourcecode.c.objc; path = main.m; sourceTree = "<group>"; };
		E993AF611FDFB66100C21CC1 /* AppDelegate.h */ = {isa = PBXFileReference; lastKnownFileType = sourcecode.c.h; path = AppDelegate.h; sourceTree = "<group>"; };
		E993AF621FDFB66100C21CC1 /* AppDelegate.m */ = {isa = PBXFileReference; lastKnownFileType = sourcecode.c.objc; path = AppDelegate.m; sourceTree = "<group>"; };
		E993AF641FDFB66100C21CC1 /* ViewController.h */ = {isa = PBXFileReference; lastKnownFileType = sourcecode.c.h; path = ViewController.h; sourceTree = "<group>"; };
		E993AF651FDFB66100C21CC1 /* ViewController.m */ = {isa = PBXFileReference; lastKnownFileType = sourcecode.c.objc; path = ViewController.m; sourceTree = "<group>"; };
		E993AF681FDFB66100C21CC1 /* Base */ = {isa = PBXFileReference; lastKnownFileType = file.storyboard; name = Base; path = Base.lproj/Main.storyboard; sourceTree = "<group>"; };
		E993AF6A1FDFB66100C21CC1 /* Assets.xcassets */ = {isa = PBXFileReference; lastKnownFileType = folder.assetcatalog; path = Assets.xcassets; sourceTree = "<group>"; };
		E993AF6D1FDFB66100C21CC1 /* Base */ = {isa = PBXFileReference; lastKnownFileType = file.storyboard; name = Base; path = Base.lproj/LaunchScreen.storyboard; sourceTree = "<group>"; };
		E993AF6F1FDFB66100C21CC1 /* Info.plist */ = {isa = PBXFileReference; lastKnownFileType = text.plist.xml; path = Info.plist; sourceTree = "<group>"; };
		E993AF751FDFB78A00C21CC1 /* ZQContentCell.h */ = {isa = PBXFileReference; fileEncoding = 4; lastKnownFileType = sourcecode.c.h; path = ZQContentCell.h; sourceTree = "<group>"; };
		E993AF761FDFB78A00C21CC1 /* ZQContentCell.m */ = {isa = PBXFileReference; fileEncoding = 4; lastKnownFileType = sourcecode.c.objc; path = ZQContentCell.m; sourceTree = "<group>"; };
		E993AF781FDFCD7B00C21CC1 /* ZQHeaderCell.h */ = {isa = PBXFileReference; fileEncoding = 4; lastKnownFileType = sourcecode.c.h; path = ZQHeaderCell.h; sourceTree = "<group>"; };
		E993AF791FDFCD7B00C21CC1 /* ZQHeaderCell.m */ = {isa = PBXFileReference; fileEncoding = 4; lastKnownFileType = sourcecode.c.objc; path = ZQHeaderCell.m; sourceTree = "<group>"; };
/* End PBXFileReference section */

/* Begin PBXFrameworksBuildPhase section */
		E993AF581FDFB66100C21CC1 /* Frameworks */ = {
			isa = PBXFrameworksBuildPhase;
			buildActionMask = 2147483647;
			files = (
			);
			runOnlyForDeploymentPostprocessing = 0;
		};
/* End PBXFrameworksBuildPhase section */

/* Begin PBXGroup section */
		E993AF521FDFB66100C21CC1 = {
			isa = PBXGroup;
			children = (
				E993AF5D1FDFB66100C21CC1 /* ZQDialogViewer */,
				E993AF5C1FDFB66100C21CC1 /* Products */,
			);
			sourceTree = "<group>";
		};
		E993AF5C1FDFB66100C21CC1 /* Products */ = {
			isa = PBXGroup;
			children = (
				E993AF5B1FDFB66100C21CC1 /* ZQDialogViewer.app */,
			);
			name = Products;
			sourceTree = "<group>";
		};
		E993AF5D1FDFB66100C21CC1 /* ZQDialogViewer */ = {
			isa = PBXGroup;
			children = (
				E993AF611FDFB66100C21CC1 /* AppDelegate.h */,
				E993AF621FDFB66100C21CC1 /* AppDelegate.m */,
				E993AF641FDFB66100C21CC1 /* ViewController.h */,
				E993AF651FDFB66100C21CC1 /* ViewController.m */,
				E993AF751FDFB78A00C21CC1 /* ZQContentCell.h */,
				E993AF761FDFB78A00C21CC1 /* ZQContentCell.m */,
				E993AF781FDFCD7B00C21CC1 /* ZQHeaderCell.h */,
				E993AF791FDFCD7B00C21CC1 /* ZQHeaderCell.m */,
				E993AF671FDFB66100C21CC1 /* Main.storyboard */,
				E993AF6A1FDFB66100C21CC1 /* Assets.xcassets */,
				E993AF6C1FDFB66100C21CC1 /* LaunchScreen.storyboard */,
				E993AF6F1FDFB66100C21CC1 /* Info.plist */,
				E993AF5E1FDFB66100C21CC1 /* Supporting Files */,
			);
			path = ZQDialogViewer;
			sourceTree = "<group>";
		};
		E993AF5E1FDFB66100C21CC1 /* Supporting Files */ = {
			isa = PBXGroup;
			children = (
				E993AF5F1FDFB66100C21CC1 /* main.m */,
			);
			name = "Supporting Files";
			sourceTree = "<group>";
		};
/* End PBXGroup section */

/* Begin PBXNativeTarget section */
		E993AF5A1FDFB66100C21CC1 /* ZQDialogViewer */ = {
			isa = PBXNativeTarget;
			buildConfigurationList = E993AF721FDFB66100C21CC1 /* Build configuration list for PBXNativeTarget "ZQDialogViewer" */;
			buildPhases = (
				E993AF571FDFB66100C21CC1 /* Sources */,
				E993AF581FDFB66100C21CC1 /* Frameworks */,
				E993AF591FDFB66100C21CC1 /* Resources */,
			);
			buildRules = (
			);
			dependencies = (
			);
			name = ZQDialogViewer;
			productName = ZQDialogViewer;
			productReference = E993AF5B1FDFB66100C21CC1 /* ZQDialogViewer.app */;
			productType = "com.apple.product-type.application";
		};
/* End PBXNativeTarget section */

/* Begin PBXProject section */
		E993AF531FDFB66100C21CC1 /* Project object */ = {
			isa = PBXProject;
			attributes = {
				LastUpgradeCheck = 0710;
				ORGANIZATIONNAME = Joyce;
				TargetAttributes = {
					E993AF5A1FDFB66100C21CC1 = {
						CreatedOnToolsVersion = 7.1.1;
					};
				};
			};
			buildConfigurationList = E993AF561FDFB66100C21CC1 /* Build configuration list for PBXProject "ZQDialogViewer" */;
			compatibilityVersion = "Xcode 3.2";
			developmentRegion = English;
			hasScannedForEncodings = 0;
			knownRegions = (
				en,
				Base,
			);
			mainGroup = E993AF521FDFB66100C21CC1;
			productRefGroup = E993AF5C1FDFB66100C21CC1 /* Products */;
			projectDirPath = "";
			projectRoot = "";
			targets = (
				E993AF5A1FDFB66100C21CC1 /* ZQDialogViewer */,
			);
		};
/* End PBXProject section */

/* Begin PBXResourcesBuildPhase section */
		E993AF591FDFB66100C21CC1 /* Resources */ = {
			isa = PBXResourcesBuildPhase;
			buildActionMask = 2147483647;
			files = (
				E993AF6E1FDFB66100C21CC1 /* LaunchScreen.storyboard in Resources */,
				E993AF6B1FDFB66100C21CC1 /* Assets.xcassets in Resources */,
				E993AF691FDFB66100C21CC1 /* Main.storyboard in Resources */,
			);
			runOnlyForDeploymentPostprocessing = 0;
		};
/* End PBXResourcesBuildPhase section */

/* Begin PBXSourcesBuildPhase section */
		E993AF571FDFB66100C21CC1 /* Sources */ = {
			isa = PBXSourcesBuildPhase;
			buildActionMask = 2147483647;
			files = (
				E993AF7A1FDFCD7B00C21CC1 /* ZQHeaderCell.m in Sources */,
				E993AF771FDFB78A00C21CC1 /* ZQContentCell.m in Sources */,
				E993AF661FDFB66100C21CC1 /* ViewController.m in Sources */,
				E993AF631FDFB66100C21CC1 /* AppDelegate.m in Sources */,
				E993AF601FDFB66100C21CC1 /* main.m in Sources */,
			);
			runOnlyForDeploymentPostprocessing = 0;
		};
/* End PBXSourcesBuildPhase section */

/* Begin PBXVariantGroup section */
		E993AF671FDFB66100C21CC1 /* Main.storyboard */ = {
			isa = PBXVariantGroup;
			children = (
				E993AF681FDFB66100C21CC1 /* Base */,
			);
			name = Main.storyboard;
			sourceTree = "<group>";
		};
		E993AF6C1FDFB66100C21CC1 /* LaunchScreen.storyboard */ = {
			isa = PBXVariantGroup;
			children = (
				E993AF6D1FDFB66100C21CC1 /* Base */,
			);
			name = LaunchScreen.storyboard;
			sourceTree = "<group>";
		};
/* End PBXVariantGroup section */

/* Begin XCBuildConfiguration section */
		E993AF701FDFB66100C21CC1 /* Debug */ = {
			isa = XCBuildConfiguration;
			buildSettings = {
				ALWAYS_SEARCH_USER_PATHS = NO;
				CLANG_CXX_LANGUAGE_STANDARD = "gnu++0x";
				CLANG_CXX_LIBRARY = "libc++";
				CLANG_ENABLE_MODULES = YES;
				CLANG_ENABLE_OBJC_ARC = YES;
				CLANG_WARN_BOOL_CONVERSION = YES;
				CLANG_WARN_CONSTANT_CONVERSION = YES;
				CLANG_WARN_DIRECT_OBJC_ISA_USAGE = YES_ERROR;
				CLANG_WARN_EMPTY_BODY = YES;
				CLANG_WARN_ENUM_CONVERSION = YES;
				CLANG_WARN_INT_CONVERSION = YES;
				CLANG_WARN_OBJC_ROOT_CLASS = YES_ERROR;
				CLANG_WARN_UNREACHABLE_CODE = YES;
				CLANG_WARN__DUPLICATE_METHOD_MATCH = YES;
				"CODE_SIGN_IDENTITY[sdk=iphoneos*]" = "iPhone Developer";
				COPY_PHASE_STRIP = NO;
				DEBUG_INFORMATION_FORMAT = dwarf;
				ENABLE_STRICT_OBJC_MSGSEND = YES;
				ENABLE_TESTABILITY = YES;
				GCC_C_LANGUAGE_STANDARD = gnu99;
				GCC_DYNAMIC_NO_PIC = NO;
				GCC_NO_COMMON_BLOCKS = YES;
				GCC_OPTIMIZATION_LEVEL = 0;
				GCC_PREPROCESSOR_DEFINITIONS = (
					"DEBUG=1",
					"$(inherited)",
				);
				GCC_WARN_64_TO_32_BIT_CONVERSION = YES;
				GCC_WARN_ABOUT_RETURN_TYPE = YES_ERROR;
				GCC_WARN_UNDECLARED_SELECTOR = YES;
				GCC_WARN_UNINITIALIZED_AUTOS = YES_AGGRESSIVE;
				GCC_WARN_UNUSED_FUNCTION = YES;
				GCC_WARN_UNUSED_VARIABLE = YES;
				IPHONEOS_DEPLOYMENT_TARGET = 9.1;
				MTL_ENABLE_DEBUG_INFO = YES;
				ONLY_ACTIVE_ARCH = YES;
				SDKROOT = iphoneos;
			};
			name = Debug;
		};
		E993AF711FDFB66100C21CC1 /* Release */ = {
			isa = XCBuildConfiguration;
			buildSettings = {
				ALWAYS_SEARCH_USER_PATHS = NO;
				CLANG_CXX_LANGUAGE_STANDARD = "gnu++0x";
				CLANG_CXX_LIBRARY = "libc++";
				CLANG_ENABLE_MODULES = YES;
				CLANG_ENABLE_OBJC_ARC = YES;
				CLANG_WARN_BOOL_CONVERSION = YES;
				CLANG_WARN_CONSTANT_CONVERSION = YES;
				CLANG_WARN_DIRECT_OBJC_ISA_USAGE = YES_ERROR;
				CLANG_WARN_EMPTY_BODY = YES;
				CLANG_WARN_ENUM_CONVERSION = YES;
				CLANG_WARN_INT_CONVERSION = YES;
				CLANG_WARN_OBJC_ROOT_CLASS = YES_ERROR;
				CLANG_WARN_UNREACHABLE_CODE = YES;
				CLANG_WARN__DUPLICATE_METHOD_MATCH = YES;
				"CODE_SIGN_IDENTITY[sdk=iphoneos*]" = "iPhone Developer";
				COPY_PHASE_STRIP = NO;
				DEBUG_INFORMATION_FORMAT = "dwarf-with-dsym";
				ENABLE_NS_ASSERTIONS = NO;
				ENABLE_STRICT_OBJC_MSGSEND = YES;
				GCC_C_LANGUAGE_STANDARD = gnu99;
				GCC_NO_COMMON_BLOCKS = YES;
				GCC_WARN_64_TO_32_BIT_CONVERSION = YES;
				GCC_WARN_ABOUT_RETURN_TYPE = YES_ERROR;
				GCC_WARN_UNDECLARED_SELECTOR = YES;
				GCC_WARN_UNINITIALIZED_AUTOS = YES_AGGRESSIVE;
				GCC_WARN_UNUSED_FUNCTION = YES;
				GCC_WARN_UNUSED_VARIABLE = YES;
				IPHONEOS_DEPLOYMENT_TARGET = 9.1;
				MTL_ENABLE_DEBUG_INFO = NO;
				SDKROOT = iphoneos;
				VALIDATE_PRODUCT = YES;
			};
			name = Release;
		};
		E993AF731FDFB66100C21CC1 /* Debug */ = {
			isa = XCBuildConfiguration;
			buildSettings = {
				ASSETCATALOG_COMPILER_APPICON_NAME = AppIcon;
				INFOPLIST_FILE = ZQDialogViewer/Info.plist;
				LD_RUNPATH_SEARCH_PATHS = "$(inherited) @executable_path/Frameworks";
				PRODUCT_BUNDLE_IDENTIFIER = cn.person.ZQDialogViewer;
				PRODUCT_NAME = "$(TARGET_NAME)";
			};
			name = Debug;
		};
		E993AF741FDFB66100C21CC1 /* Release */ = {
			isa = XCBuildConfiguration;
			buildSettings = {
				ASSETCATALOG_COMPILER_APPICON_NAME = AppIcon;
				INFOPLIST_FILE = ZQDialogViewer/Info.plist;
				LD_RUNPATH_SEARCH_PATHS = "$(inherited) @executable_path/Frameworks";
				PRODUCT_BUNDLE_IDENTIFIER = cn.person.ZQDialogViewer;
				PRODUCT_NAME = "$(TARGET_NAME)";
			};
			name = Release;
		};
/* End XCBuildConfiguration section */

/* Begin XCConfigurationList section */
		E993AF561FDFB66100C21CC1 /* Build configuration list for PBXProject "ZQDialogViewer" */ = {
			isa = XCConfigurationList;
			buildConfigurations = (
				E993AF701FDFB66100C21CC1 /* Debug */,
				E993AF711FDFB66100C21CC1 /* Release */,
			);
			defaultConfigurationIsVisible = 0;
			defaultConfigurationName = Release;
		};
		E993AF721FDFB66100C21CC1 /* Build configuration list for PBXNativeTarget "ZQDialogViewer" */ = {
			isa = XCConfigurationList;
			buildConfigurations = (
				E993AF731FDFB66100C21CC1 /* Debug */,
				E993AF741FDFB66100C21CC1 /* Release */,
			);
			defaultConfigurationIsVisible = 0;
		};
/* End XCConfigurationList section */
	};
	rootObject = E993AF531FDFB66100C21CC1 /* Project object */;
}
